
Microsoft Visual Studio Solution File, Format Version 12.00
# Visual Studio Version 16
VisualStudioVersion = 16.0.31205.134
MinimumVisualStudioVersion = 10.0.40219.1
Project("{FAE04EC0-301F-11D3-BF4B-00C04F79EFBC}") = "FinanceMentor.Server", "FinanceMentor\Server\FinanceMentor.Server.csproj", "{309FF6C8-E22E-4FDC-A1B6-8E54848E394F}"
EndProject
Project("{FAE04EC0-301F-11D3-BF4B-00C04F79EFBC}") = "FinanceMentor.Client", "FinanceMentor\Client\FinanceMentor.Client.csproj", "{31C940F4-4D8A-455B-B863-B84D9A38C779}"
EndProject
Project("{FAE04EC0-301F-11D3-BF4B-00C04F79EFBC}") = "FinanceMentor.Shared", "FinanceMentor\Shared\FinanceMentor.Shared.csproj", "{C6D45C05-9848-4D76-BAF9-2541C21AC577}"
EndProject
Global
	GlobalSection(SolutionConfigurationPlatforms) = preSolution
		Debug|Any CPU = Debug|Any CPU
		Release|Any CPU = Release|Any CPU
	EndGlobalSection
	GlobalSection(ProjectConfigurationPlatforms) = postSolution
		{309FF6C8-E22E-4FDC-A1B6-8E54848E394F}.Debug|Any CPU.ActiveCfg = Debug|Any CPU
		{309FF6C8-E22E-4FDC-A1B6-8E54848E394F}.Debug|Any CPU.Build.0 = Debug|Any CPU
		{309FF6C8-E22E-4FDC-A1B6-8E54848E394F}.Release|Any CPU.ActiveCfg = Release|Any CPU
		{309FF6C8-E22E-4FDC-A1B6-8E54848E394F}.Release|Any CPU.Build.0 = Release|Any CPU
		{31C940F4-4D8A-455B-B863-B84D9A38C779}.Debug|Any CPU.ActiveCfg = Debug|Any CPU
		{31C940F4-4D8A-455B-B863-B84D9A38C779}.Debug|Any CPU.Build.0 = Debug|Any CPU
		{31C940F4-4D8A-455B-B863-B84D9A38C779}.Release|Any CPU.ActiveCfg = Release|Any CPU
		{31C940F4-4D8A-455B-B863-B84D9A38C779}.Release|Any CPU.Build.0 = Release|Any CPU
		{C6D45C05-9848-4D76-BAF9-2541C21AC577}.Debug|Any CPU.ActiveCfg = Debug|Any CPU
		{C6D45C05-9848-4D76-BAF9-2541C21AC577}.Debug|Any CPU.Build.0 = Debug|Any CPU
		{C6D45C05-9848-4D76-BAF9-2541C21AC577}.Release|Any CPU.ActiveCfg = Release|Any CPU
		{C6D45C05-9848-4D76-BAF9-2541C21AC577}.Release|Any CPU.Build.0 = Release|Any CPU
	EndGlobalSection
	GlobalSection(SolutionProperties) = preSolution
		HideSolutionNode = FALSE
	EndGlobalSection
	GlobalSection(ExtensibilityGlobals) = postSolution
		SolutionGuid = {30D7BB9C-4F07-4931-A845-D1FFF80D59AB}
	EndGlobalSection
EndGlobal
